
Microsoft Visual Studio Solution File, Format Version 12.00
# Visual Studio 15
VisualStudioVersion = 15.0.27703.2035
MinimumVisualStudioVersion = 10.0.40219.1
Project("{FAE04EC0-301F-11D3-BF4B-00C04F79EFBC}") = "WebApp", "WebApp\WebApp.csproj", "{78427511-2045-48BA-8278-E86A2BD5CDC9}"
EndProject
Project("{E53339B2-1760-4266-BCC7-CA923CBCF16C}") = "docker-compose", "docker-compose.dcproj", "{1CFDD979-1084-4901-A0AD-AFED8EBC7B9F}"
EndProject
Global
	GlobalSection(SolutionConfigurationPlatforms) = preSolution
		Debug|Any CPU = Debug|Any CPU
		Release|Any CPU = Release|Any CPU
	EndGlobalSection
	GlobalSection(ProjectConfigurationPlatforms) = postSolution
		{78427511-2045-48BA-8278-E86A2BD5CDC9}.Debug|Any CPU.ActiveCfg = Debug|Any CPU
		{78427511-2045-48BA-8278-E86A2BD5CDC9}.Debug|Any CPU.Build.0 = Debug|Any CPU
		{78427511-2045-48BA-8278-E86A2BD5CDC9}.Release|Any CPU.ActiveCfg = Release|Any CPU
		{78427511-2045-48BA-8278-E86A2BD5CDC9}.Release|Any CPU.Build.0 = Release|Any CPU
		{1CFDD979-1084-4901-A0AD-AFED8EBC7B9F}.Debug|Any CPU.ActiveCfg = Debug|Any CPU
		{1CFDD979-1084-4901-A0AD-AFED8EBC7B9F}.Debug|Any CPU.Build.0 = Debug|Any CPU
		{1CFDD979-1084-4901-A0AD-AFED8EBC7B9F}.Release|Any CPU.ActiveCfg = Release|Any CPU
		{1CFDD979-1084-4901-A0AD-AFED8EBC7B9F}.Release|Any CPU.Build.0 = Release|Any CPU
	EndGlobalSection
	GlobalSection(SolutionProperties) = preSolution
		HideSolutionNode = FALSE
	EndGlobalSection
	GlobalSection(ExtensibilityGlobals) = postSolution
		SolutionGuid = {E877DC63-3DEE-42BB-A6DF-DCE4B9DD0A0A}
	EndGlobalSection
EndGlobal
